
Microsoft Visual Studio Solution File, Format Version 12.00
# Visual Studio Version 17
VisualStudioVersion = 17.9.34622.214
MinimumVisualStudioVersion = 10.0.40219.1
Project("{2150E333-8FDC-42A3-9474-1A3956D46DE8}") = "EX01", "EX01", "{5A1B3454-DFB1-4074-A441-E5784FF4C157}"
EndProject
Project("{2150E333-8FDC-42A3-9474-1A3956D46DE8}") = "EX02", "EX02", "{E76701D1-B122-4C10-9EFF-C3590DC24C24}"
EndProject
Project("{9A19103F-16F7-4668-BE54-9A1E7A4F7556}") = "Ex02.ConsoleApp", "..\Ex02.ConsoleApp\Ex02.ConsoleApp.csproj", "{07D30F51-E675-426D-A321-715D407DBA46}"
EndProject
Project("{9A19103F-16F7-4668-BE54-9A1E7A4F7556}") = "Ex01.ConsoleApp1", "..\Ex01.ConsoleApp\Ex01.ConsoleApp1.csproj", "{91A4F71C-3A46-4121-AE52-098CDFAF46D7}"
EndProject
Project("{2150E333-8FDC-42A3-9474-1A3956D46DE8}") = "EX03", "EX03", "{3EA00BE8-3A63-4A27-9851-66F13C1F1925}"
EndProject
Project("{2150E333-8FDC-42A3-9474-1A3956D46DE8}") = "EX04", "EX04", "{3152C92F-9507-4441-B537-EB924A29748E}"
EndProject
Project("{2150E333-8FDC-42A3-9474-1A3956D46DE8}") = "EX05", "EX05", "{CC0F4820-A9EE-4F68-8AA0-7521362DA332}"
EndProject
Project("{2150E333-8FDC-42A3-9474-1A3956D46DE8}") = "EX06", "EX06", "{DD73911C-088E-4475-BDB9-40EDC46913B1}"
EndProject
Project("{9A19103F-16F7-4668-BE54-9A1E7A4F7556}") = "Ex03.ConsoleApp", "..\Ex03.ConsoleApp\Ex03.ConsoleApp.csproj", "{73CDA589-F8A2-466F-B9AB-C04685A78F9B}"
EndProject
Project("{9A19103F-16F7-4668-BE54-9A1E7A4F7556}") = "Ex04.ConsoleApp", "..\Ex04.ConsoleApp\Ex04.ConsoleApp.csproj", "{E66C3D7B-4862-4E20-83BA-DCA94445CA61}"
EndProject
Project("{9A19103F-16F7-4668-BE54-9A1E7A4F7556}") = "Ex05.ConsoleApp", "..\Ex05.ConsoleApp\Ex05.ConsoleApp.csproj", "{3A225B3F-7BCE-4178-BBE6-4E293923E5A4}"
EndProject
Project("{9A19103F-16F7-4668-BE54-9A1E7A4F7556}") = "Ex06.ConsoleApp", "..\Ex06.ConsoleApp\Ex06.ConsoleApp.csproj", "{75A2F1BF-4DD5-4F85-87D3-0BFE436FA6B3}"
EndProject
Project("{2150E333-8FDC-42A3-9474-1A3956D46DE8}") = "EX07", "EX07", "{454A094F-3FAB-4929-BEDE-A512D246F5D3}"
EndProject
Project("{2150E333-8FDC-42A3-9474-1A3956D46DE8}") = "EX08", "EX08", "{CD29FAA8-0898-47A5-86C5-86B2CD82BFFE}"
EndProject
Project("{2150E333-8FDC-42A3-9474-1A3956D46DE8}") = "EX09", "EX09", "{66867357-32FC-4A70-9B28-6C7AA5091F8C}"
EndProject
Project("{2150E333-8FDC-42A3-9474-1A3956D46DE8}") = "EX10", "EX10", "{1C7B82A6-C715-47A4-8C1C-F0F72C6F6FA6}"
EndProject
Project("{2150E333-8FDC-42A3-9474-1A3956D46DE8}") = "EX11", "EX11", "{FD777D55-1AEE-435B-B250-01E60F808487}"
EndProject
Project("{2150E333-8FDC-42A3-9474-1A3956D46DE8}") = "EX12", "EX12", "{8A29725C-7C72-43C7-AF6B-9826EB44E341}"
EndProject
Project("{9A19103F-16F7-4668-BE54-9A1E7A4F7556}") = "Ex07.ConsoleApp", "..\Ex07.ConsoleApp\Ex07.ConsoleApp.csproj", "{E8AA3483-2D9D-4A7A-AE6E-C8716C82836A}"
EndProject
Project("{9A19103F-16F7-4668-BE54-9A1E7A4F7556}") = "Ex08.ConsoleApp", "..\Ex08.ConsoleApp\Ex08.ConsoleApp.csproj", "{7AC1F152-5ACC-4A02-A7DF-B1C886F93276}"
EndProject
Project("{9A19103F-16F7-4668-BE54-9A1E7A4F7556}") = "Ex09.ConsoleApp", "..\Ex09.ConsoleApp\Ex09.ConsoleApp.csproj", "{A3F5A4FB-472D-4AFE-B599-EFCC803EC279}"
EndProject
Project("{9A19103F-16F7-4668-BE54-9A1E7A4F7556}") = "Ex10.ConsoleApp", "..\Ex10.ConsoleApp\Ex10.ConsoleApp.csproj", "{FA080D88-1AC3-437D-B200-65FC4DECE734}"
EndProject
Project("{9A19103F-16F7-4668-BE54-9A1E7A4F7556}") = "Ex11.ConsoleApp", "..\Ex11.ConsoleApp\Ex11.ConsoleApp.csproj", "{1D686297-FF51-4D4C-8117-0846DCBFEBEC}"
EndProject
Project("{9A19103F-16F7-4668-BE54-9A1E7A4F7556}") = "Ex12.ConsoleApp", "..\Ex12.ConsoleApp\Ex12.ConsoleApp.csproj", "{39D3B6DC-EA36-471C-9154-D9678FD92DF7}"
EndProject
Global
	GlobalSection(SolutionConfigurationPlatforms) = preSolution
		Debug|Any CPU = Debug|Any CPU
		Release|Any CPU = Release|Any CPU
	EndGlobalSection
	GlobalSection(ProjectConfigurationPlatforms) = postSolution
		{07D30F51-E675-426D-A321-715D407DBA46}.Debug|Any CPU.ActiveCfg = Debug|Any CPU
		{07D30F51-E675-426D-A321-715D407DBA46}.Debug|Any CPU.Build.0 = Debug|Any CPU
		{07D30F51-E675-426D-A321-715D407DBA46}.Release|Any CPU.ActiveCfg = Release|Any CPU
		{07D30F51-E675-426D-A321-715D407DBA46}.Release|Any CPU.Build.0 = Release|Any CPU
		{91A4F71C-3A46-4121-AE52-098CDFAF46D7}.Debug|Any CPU.ActiveCfg = Debug|Any CPU
		{91A4F71C-3A46-4121-AE52-098CDFAF46D7}.Debug|Any CPU.Build.0 = Debug|Any CPU
		{91A4F71C-3A46-4121-AE52-098CDFAF46D7}.Release|Any CPU.ActiveCfg = Release|Any CPU
		{91A4F71C-3A46-4121-AE52-098CDFAF46D7}.Release|Any CPU.Build.0 = Release|Any CPU
		{73CDA589-F8A2-466F-B9AB-C04685A78F9B}.Debug|Any CPU.ActiveCfg = Debug|Any CPU
		{73CDA589-F8A2-466F-B9AB-C04685A78F9B}.Debug|Any CPU.Build.0 = Debug|Any CPU
		{73CDA589-F8A2-466F-B9AB-C04685A78F9B}.Release|Any CPU.ActiveCfg = Release|Any CPU
		{73CDA589-F8A2-466F-B9AB-C04685A78F9B}.Release|Any CPU.Build.0 = Release|Any CPU
		{E66C3D7B-4862-4E20-83BA-DCA94445CA61}.Debug|Any CPU.ActiveCfg = Debug|Any CPU
		{E66C3D7B-4862-4E20-83BA-DCA94445CA61}.Debug|Any CPU.Build.0 = Debug|Any CPU
		{E66C3D7B-4862-4E20-83BA-DCA94445CA61}.Release|Any CPU.ActiveCfg = Release|Any CPU
		{E66C3D7B-4862-4E20-83BA-DCA94445CA61}.Release|Any CPU.Build.0 = Release|Any CPU
		{3A225B3F-7BCE-4178-BBE6-4E293923E5A4}.Debug|Any CPU.ActiveCfg = Debug|Any CPU
		{3A225B3F-7BCE-4178-BBE6-4E293923E5A4}.Debug|Any CPU.Build.0 = Debug|Any CPU
		{3A225B3F-7BCE-4178-BBE6-4E293923E5A4}.Release|Any CPU.ActiveCfg = Release|Any CPU
		{3A225B3F-7BCE-4178-BBE6-4E293923E5A4}.Release|Any CPU.Build.0 = Release|Any CPU
		{75A2F1BF-4DD5-4F85-87D3-0BFE436FA6B3}.Debug|Any CPU.ActiveCfg = Debug|Any CPU
		{75A2F1BF-4DD5-4F85-87D3-0BFE436FA6B3}.Debug|Any CPU.Build.0 = Debug|Any CPU
		{75A2F1BF-4DD5-4F85-87D3-0BFE436FA6B3}.Release|Any CPU.ActiveCfg = Release|Any CPU
		{75A2F1BF-4DD5-4F85-87D3-0BFE436FA6B3}.Release|Any CPU.Build.0 = Release|Any CPU
		{E8AA3483-2D9D-4A7A-AE6E-C8716C82836A}.Debug|Any CPU.ActiveCfg = Debug|Any CPU
		{E8AA3483-2D9D-4A7A-AE6E-C8716C82836A}.Debug|Any CPU.Build.0 = Debug|Any CPU
		{E8AA3483-2D9D-4A7A-AE6E-C8716C82836A}.Release|Any CPU.ActiveCfg = Release|Any CPU
		{E8AA3483-2D9D-4A7A-AE6E-C8716C82836A}.Release|Any CPU.Build.0 = Release|Any CPU
		{7AC1F152-5ACC-4A02-A7DF-B1C886F93276}.Debug|Any CPU.ActiveCfg = Debug|Any CPU
		{7AC1F152-5ACC-4A02-A7DF-B1C886F93276}.Debug|Any CPU.Build.0 = Debug|Any CPU
		{7AC1F152-5ACC-4A02-A7DF-B1C886F93276}.Release|Any CPU.ActiveCfg = Release|Any CPU
		{7AC1F152-5ACC-4A02-A7DF-B1C886F93276}.Release|Any CPU.Build.0 = Release|Any CPU
		{A3F5A4FB-472D-4AFE-B599-EFCC803EC279}.Debug|Any CPU.ActiveCfg = Debug|Any CPU
		{A3F5A4FB-472D-4AFE-B599-EFCC803EC279}.Debug|Any CPU.Build.0 = Debug|Any CPU
		{A3F5A4FB-472D-4AFE-B599-EFCC803EC279}.Release|Any CPU.ActiveCfg = Release|Any CPU
		{A3F5A4FB-472D-4AFE-B599-EFCC803EC279}.Release|Any CPU.Build.0 = Release|Any CPU
		{FA080D88-1AC3-437D-B200-65FC4DECE734}.Debug|Any CPU.ActiveCfg = Debug|Any CPU
		{FA080D88-1AC3-437D-B200-65FC4DECE734}.Debug|Any CPU.Build.0 = Debug|Any CPU
		{FA080D88-1AC3-437D-B200-65FC4DECE734}.Release|Any CPU.ActiveCfg = Release|Any CPU
		{FA080D88-1AC3-437D-B200-65FC4DECE734}.Release|Any CPU.Build.0 = Release|Any CPU
		{1D686297-FF51-4D4C-8117-0846DCBFEBEC}.Debug|Any CPU.ActiveCfg = Debug|Any CPU
		{1D686297-FF51-4D4C-8117-0846DCBFEBEC}.Debug|Any CPU.Build.0 = Debug|Any CPU
		{1D686297-FF51-4D4C-8117-0846DCBFEBEC}.Release|Any CPU.ActiveCfg = Release|Any CPU
		{1D686297-FF51-4D4C-8117-0846DCBFEBEC}.Release|Any CPU.Build.0 = Release|Any CPU
		{39D3B6DC-EA36-471C-9154-D9678FD92DF7}.Debug|Any CPU.ActiveCfg = Debug|Any CPU
		{39D3B6DC-EA36-471C-9154-D9678FD92DF7}.Debug|Any CPU.Build.0 = Debug|Any CPU
		{39D3B6DC-EA36-471C-9154-D9678FD92DF7}.Release|Any CPU.ActiveCfg = Release|Any CPU
		{39D3B6DC-EA36-471C-9154-D9678FD92DF7}.Release|Any CPU.Build.0 = Release|Any CPU
	EndGlobalSection
	GlobalSection(SolutionProperties) = preSolution
		HideSolutionNode = FALSE
	EndGlobalSection
	GlobalSection(NestedProjects) = preSolution
		{07D30F51-E675-426D-A321-715D407DBA46} = {E76701D1-B122-4C10-9EFF-C3590DC24C24}
		{91A4F71C-3A46-4121-AE52-098CDFAF46D7} = {5A1B3454-DFB1-4074-A441-E5784FF4C157}
		{73CDA589-F8A2-466F-B9AB-C04685A78F9B} = {3EA00BE8-3A63-4A27-9851-66F13C1F1925}
		{E66C3D7B-4862-4E20-83BA-DCA94445CA61} = {3152C92F-9507-4441-B537-EB924A29748E}
		{3A225B3F-7BCE-4178-BBE6-4E293923E5A4} = {CC0F4820-A9EE-4F68-8AA0-7521362DA332}
		{75A2F1BF-4DD5-4F85-87D3-0BFE436FA6B3} = {DD73911C-088E-4475-BDB9-40EDC46913B1}
		{E8AA3483-2D9D-4A7A-AE6E-C8716C82836A} = {454A094F-3FAB-4929-BEDE-A512D246F5D3}
		{7AC1F152-5ACC-4A02-A7DF-B1C886F93276} = {CD29FAA8-0898-47A5-86C5-86B2CD82BFFE}
		{A3F5A4FB-472D-4AFE-B599-EFCC803EC279} = {66867357-32FC-4A70-9B28-6C7AA5091F8C}
		{FA080D88-1AC3-437D-B200-65FC4DECE734} = {1C7B82A6-C715-47A4-8C1C-F0F72C6F6FA6}
		{1D686297-FF51-4D4C-8117-0846DCBFEBEC} = {FD777D55-1AEE-435B-B250-01E60F808487}
		{39D3B6DC-EA36-471C-9154-D9678FD92DF7} = {8A29725C-7C72-43C7-AF6B-9826EB44E341}
	EndGlobalSection
	GlobalSection(ExtensibilityGlobals) = postSolution
		SolutionGuid = {73CD9EE9-71C1-4916-8132-A393072E9930}
	EndGlobalSection
EndGlobal
