
Microsoft Visual Studio Solution File, Format Version 12.00
# Visual Studio Version 17
VisualStudioVersion = 17.9.34622.214
MinimumVisualStudioVersion = 10.0.40219.1
Project("{FAE04EC0-301F-11D3-BF4B-00C04F79EFBC}") = "Ex11.ConsoleApp", "Ex11.ConsoleApp.csproj", "{65103719-5BF8-4EE5-ACE6-6BB44DCB115B}"
EndProject
Global
	GlobalSection(SolutionConfigurationPlatforms) = preSolution
		Debug|Any CPU = Debug|Any CPU
		Release|Any CPU = Release|Any CPU
	EndGlobalSection
	GlobalSection(ProjectConfigurationPlatforms) = postSolution
		{65103719-5BF8-4EE5-ACE6-6BB44DCB115B}.Debug|Any CPU.ActiveCfg = Debug|Any CPU
		{65103719-5BF8-4EE5-ACE6-6BB44DCB115B}.Debug|Any CPU.Build.0 = Debug|Any CPU
		{65103719-5BF8-4EE5-ACE6-6BB44DCB115B}.Release|Any CPU.ActiveCfg = Release|Any CPU
		{65103719-5BF8-4EE5-ACE6-6BB44DCB115B}.Release|Any CPU.Build.0 = Release|Any CPU
	EndGlobalSection
	GlobalSection(SolutionProperties) = preSolution
		HideSolutionNode = FALSE
	EndGlobalSection
	GlobalSection(ExtensibilityGlobals) = postSolution
		SolutionGuid = {8F15D33C-934B-4E34-870D-10F1D4F7FEFB}
	EndGlobalSection
EndGlobal
